
Microsoft Visual Studio Solution File, Format Version 12.00
# Visual Studio 15
VisualStudioVersion = 14.0.25123.0
MinimumVisualStudioVersion = 10.0.40219.1
Project("{FAE04EC0-301F-11D3-BF4B-00C04F79EFBC}") = "Manipulate", "Manipulate\Manipulate.csproj", "{B727CA77-2A11-4F75-A69E-AC37241AEF7A}"
EndProject
Global
	GlobalSection(SolutionConfigurationPlatforms) = preSolution
		Debug|Any CPU = Debug|Any CPU
		Release|Any CPU = Release|Any CPU
	EndGlobalSection
	GlobalSection(ProjectConfigurationPlatforms) = postSolution
		{B727CA77-2A11-4F75-A69E-AC37241AEF7A}.Debug|Any CPU.ActiveCfg = Debug|Any CPU
		{B727CA77-2A11-4F75-A69E-AC37241AEF7A}.Debug|Any CPU.Build.0 = Debug|Any CPU
		{B727CA77-2A11-4F75-A69E-AC37241AEF7A}.Release|Any CPU.ActiveCfg = Release|Any CPU
		{B727CA77-2A11-4F75-A69E-AC37241AEF7A}.Release|Any CPU.Build.0 = Release|Any CPU
	EndGlobalSection
	GlobalSection(SolutionProperties) = preSolution
		HideSolutionNode = FALSE
	EndGlobalSection
EndGlobal
