// !$*UTF8*$!
{
	archiveVersion = 1;
	classes = {
	};
	objectVersion = 46;
	objects = {

/* Begin PBXBuildFile section */
		9DD53EBD1D17236000E4641A /* SDL2.framework in Frameworks */ = {isa = PBXBuildFile; fileRef = 9DD53EBC1D17236000E4641A /* SDL2.framework */; };
		9DD53ED71D1725F700E4641A /* 01_hello_SDL.cpp in Sources */ = {isa = PBXBuildFile; fileRef = 9DD53ED61D1725F700E4641A /* 01_hello_SDL.cpp */; };
/* End PBXBuildFile section */

/* Begin PBXCopyFilesBuildPhase section */
		9DD53EB01D1722AA00E4641A /* CopyFiles */ = {
			isa = PBXCopyFilesBuildPhase;
			buildActionMask = 2147483647;
			dstPath = /usr/share/man/man1/;
			dstSubfolderSpec = 0;
			files = (
			);
			runOnlyForDeploymentPostprocessing = 1;
		};
/* End PBXCopyFilesBuildPhase section */

/* Begin PBXFileReference section */
		9DD53EB21D1722AA00E4641A /* SDL_Tutorial */ = {isa = PBXFileReference; explicitFileType = "compiled.mach-o.executable"; includeInIndex = 0; path = SDL_Tutorial; sourceTree = BUILT_PRODUCTS_DIR; };
		9DD53EBC1D17236000E4641A /* SDL2.framework */ = {isa = PBXFileReference; lastKnownFileType = wrapper.framework; name = SDL2.framework; path = ../../../../../../Library/Frameworks/SDL2.framework; sourceTree = "<group>"; };
		9DD53ED51D17256A00E4641A /* 01_hello_SDL */ = {isa = PBXFileReference; lastKnownFileType = folder; name = 01_hello_SDL; path = ../../../../../Downloads/01_hello_SDL; sourceTree = "<group>"; };
		9DD53ED61D1725F700E4641A /* 01_hello_SDL.cpp */ = {isa = PBXFileReference; fileEncoding = 4; lastKnownFileType = sourcecode.cpp.cpp; name = 01_hello_SDL.cpp; path = ../../../../../Downloads/01_hello_SDL/01_hello_SDL.cpp; sourceTree = "<group>"; };
/* End PBXFileReference section */

/* Begin PBXFrameworksBuildPhase section */
		9DD53EAF1D1722AA00E4641A /* Frameworks */ = {
			isa = PBXFrameworksBuildPhase;
			buildActionMask = 2147483647;
			files = (
				9DD53EBD1D17236000E4641A /* SDL2.framework in Frameworks */,
			);
			runOnlyForDeploymentPostprocessing = 0;
		};
/* End PBXFrameworksBuildPhase section */

/* Begin PBXGroup section */
		9DD53EA91D1722AA00E4641A = {
			isa = PBXGroup;
			children = (
				9DD53EBC1D17236000E4641A /* SDL2.framework */,
				9DD53EB41D1722AA00E4641A /* SDL_Tutorial */,
				9DD53EB31D1722AA00E4641A /* Products */,
			);
			sourceTree = "<group>";
		};
		9DD53EB31D1722AA00E4641A /* Products */ = {
			isa = PBXGroup;
			children = (
				9DD53EB21D1722AA00E4641A /* SDL_Tutorial */,
			);
			name = Products;
			sourceTree = "<group>";
		};
		9DD53EB41D1722AA00E4641A /* SDL_Tutorial */ = {
			isa = PBXGroup;
			children = (
				9DD53ED61D1725F700E4641A /* 01_hello_SDL.cpp */,
				9DD53ED51D17256A00E4641A /* 01_hello_SDL */,
			);
			path = SDL_Tutorial;
			sourceTree = "<group>";
		};
/* End PBXGroup section */

/* Begin PBXNativeTarget section */
		9DD53EB11D1722AA00E4641A /* SDL_Tutorial */ = {
			isa = PBXNativeTarget;
			buildConfigurationList = 9DD53EB91D1722AA00E4641A /* Build configuration list for PBXNativeTarget "SDL_Tutorial" */;
			buildPhases = (
				9DD53EAE1D1722AA00E4641A /* Sources */,
				9DD53EAF1D1722AA00E4641A /* Frameworks */,
				9DD53EB01D1722AA00E4641A /* CopyFiles */,
			);
			buildRules = (
			);
			dependencies = (
			);
			name = SDL_Tutorial;
			productName = SDL_Tutorial;
			productReference = 9DD53EB21D1722AA00E4641A /* SDL_Tutorial */;
			productType = "com.apple.product-type.tool";
		};
/* End PBXNativeTarget section */

/* Begin PBXProject section */
		9DD53EAA1D1722AA00E4641A /* Project object */ = {
			isa = PBXProject;
			attributes = {
				LastUpgradeCheck = 0720;
				ORGANIZATIONNAME = "Denis Jackman";
				TargetAttributes = {
					9DD53EB11D1722AA00E4641A = {
						CreatedOnToolsVersion = 7.2.1;
					};
				};
			};
			buildConfigurationList = 9DD53EAD1D1722AA00E4641A /* Build configuration list for PBXProject "SDL_Tutorial" */;
			compatibilityVersion = "Xcode 3.2";
			developmentRegion = English;
			hasScannedForEncodings = 0;
			knownRegions = (
				en,
			);
			mainGroup = 9DD53EA91D1722AA00E4641A;
			productRefGroup = 9DD53EB31D1722AA00E4641A /* Products */;
			projectDirPath = "";
			projectRoot = "";
			targets = (
				9DD53EB11D1722AA00E4641A /* SDL_Tutorial */,
			);
		};
/* End PBXProject section */

/* Begin PBXSourcesBuildPhase section */
		9DD53EAE1D1722AA00E4641A /* Sources */ = {
			isa = PBXSourcesBuildPhase;
			buildActionMask = 2147483647;
			files = (
				9DD53ED71D1725F700E4641A /* 01_hello_SDL.cpp in Sources */,
			);
			runOnlyForDeploymentPostprocessing = 0;
		};
/* End PBXSourcesBuildPhase section */

/* Begin XCBuildConfiguration section */
		9DD53EB71D1722AA00E4641A /* Debug */ = {
			isa = XCBuildConfiguration;
			buildSettings = {
				ALWAYS_SEARCH_USER_PATHS = NO;
				CLANG_CXX_LANGUAGE_STANDARD = "gnu++0x";
				CLANG_CXX_LIBRARY = "libc++";
				CLANG_ENABLE_MODULES = YES;
				CLANG_ENABLE_OBJC_ARC = YES;
				CLANG_WARN_BOOL_CONVERSION = YES;
				CLANG_WARN_CONSTANT_CONVERSION = YES;
				CLANG_WARN_DIRECT_OBJC_ISA_USAGE = YES_ERROR;
				CLANG_WARN_EMPTY_BODY = YES;
				CLANG_WARN_ENUM_CONVERSION = YES;
				CLANG_WARN_INT_CONVERSION = YES;
				CLANG_WARN_OBJC_ROOT_CLASS = YES_ERROR;
				CLANG_WARN_UNREACHABLE_CODE = YES;
				CLANG_WARN__DUPLICATE_METHOD_MATCH = YES;
				CODE_SIGN_IDENTITY = "-";
				COPY_PHASE_STRIP = NO;
				DEBUG_INFORMATION_FORMAT = dwarf;
				ENABLE_STRICT_OBJC_MSGSEND = YES;
				ENABLE_TESTABILITY = YES;
				GCC_C_LANGUAGE_STANDARD = gnu99;
				GCC_DYNAMIC_NO_PIC = NO;
				GCC_NO_COMMON_BLOCKS = YES;
				GCC_OPTIMIZATION_LEVEL = 0;
				GCC_PREPROCESSOR_DEFINITIONS = (
					"DEBUG=1",
					"$(inherited)",
				);
				GCC_WARN_64_TO_32_BIT_CONVERSION = YES;
				GCC_WARN_ABOUT_RETURN_TYPE = YES_ERROR;
				GCC_WARN_UNDECLARED_SELECTOR = YES;
				GCC_WARN_UNINITIALIZED_AUTOS = YES_AGGRESSIVE;
				GCC_WARN_UNUSED_FUNCTION = YES;
				GCC_WARN_UNUSED_VARIABLE = YES;
				MACOSX_DEPLOYMENT_TARGET = 10.11;
				MTL_ENABLE_DEBUG_INFO = YES;
				ONLY_ACTIVE_ARCH = YES;
				SDKROOT = macosx;
			};
			name = Debug;
		};
		9DD53EB81D1722AA00E4641A /* Release */ = {
			isa = XCBuildConfiguration;
			buildSettings = {
				ALWAYS_SEARCH_USER_PATHS = NO;
				CLANG_CXX_LANGUAGE_STANDARD = "gnu++0x";
				CLANG_CXX_LIBRARY = "libc++";
				CLANG_ENABLE_MODULES = YES;
				CLANG_ENABLE_OBJC_ARC = YES;
				CLANG_WARN_BOOL_CONVERSION = YES;
				CLANG_WARN_CONSTANT_CONVERSION = YES;
				CLANG_WARN_DIRECT_OBJC_ISA_USAGE = YES_ERROR;
				CLANG_WARN_EMPTY_BODY = YES;
				CLANG_WARN_ENUM_CONVERSION = YES;
				CLANG_WARN_INT_CONVERSION = YES;
				CLANG_WARN_OBJC_ROOT_CLASS = YES_ERROR;
				CLANG_WARN_UNREACHABLE_CODE = YES;
				CLANG_WARN__DUPLICATE_METHOD_MATCH = YES;
				CODE_SIGN_IDENTITY = "-";
				COPY_PHASE_STRIP = NO;
				DEBUG_INFORMATION_FORMAT = "dwarf-with-dsym";
				ENABLE_NS_ASSERTIONS = NO;
				ENABLE_STRICT_OBJC_MSGSEND = YES;
				GCC_C_LANGUAGE_STANDARD = gnu99;
				GCC_NO_COMMON_BLOCKS = YES;
				GCC_WARN_64_TO_32_BIT_CONVERSION = YES;
				GCC_WARN_ABOUT_RETURN_TYPE = YES_ERROR;
				GCC_WARN_UNDECLARED_SELECTOR = YES;
				GCC_WARN_UNINITIALIZED_AUTOS = YES_AGGRESSIVE;
				GCC_WARN_UNUSED_FUNCTION = YES;
				GCC_WARN_UNUSED_VARIABLE = YES;
				MACOSX_DEPLOYMENT_TARGET = 10.11;
				MTL_ENABLE_DEBUG_INFO = NO;
				SDKROOT = macosx;
			};
			name = Release;
		};
		9DD53EBA1D1722AA00E4641A /* Debug */ = {
			isa = XCBuildConfiguration;
			buildSettings = {
				FRAMEWORK_SEARCH_PATHS = (
					"$(inherited)",
					"$(LOCAL_LIBRARY_DIR)/Frameworks",
				);
				PRODUCT_NAME = "$(TARGET_NAME)";
			};
			name = Debug;
		};
		9DD53EBB1D1722AA00E4641A /* Release */ = {
			isa = XCBuildConfiguration;
			buildSettings = {
				FRAMEWORK_SEARCH_PATHS = (
					"$(inherited)",
					"$(LOCAL_LIBRARY_DIR)/Frameworks",
				);
				PRODUCT_NAME = "$(TARGET_NAME)";
			};
			name = Release;
		};
/* End XCBuildConfiguration section */

/* Begin XCConfigurationList section */
		9DD53EAD1D1722AA00E4641A /* Build configuration list for PBXProject "SDL_Tutorial" */ = {
			isa = XCConfigurationList;
			buildConfigurations = (
				9DD53EB71D1722AA00E4641A /* Debug */,
				9DD53EB81D1722AA00E4641A /* Release */,
			);
			defaultConfigurationIsVisible = 0;
			defaultConfigurationName = Release;
		};
		9DD53EB91D1722AA00E4641A /* Build configuration list for PBXNativeTarget "SDL_Tutorial" */ = {
			isa = XCConfigurationList;
			buildConfigurations = (
				9DD53EBA1D1722AA00E4641A /* Debug */,
				9DD53EBB1D1722AA00E4641A /* Release */,
			);
			defaultConfigurationIsVisible = 0;
		};
/* End XCConfigurationList section */
	};
	rootObject = 9DD53EAA1D1722AA00E4641A /* Project object */;
}
