
Microsoft Visual Studio Solution File, Format Version 12.00
# Visual Studio 15
VisualStudioVersion = 14.0.25123.0
MinimumVisualStudioVersion = 10.0.40219.1
Project("{FAE04EC0-301F-11D3-BF4B-00C04F79EFBC}") = "ForLoop", "ForLoop\ForLoop.csproj", "{1E801385-A125-4D09-948B-95D7EEE84358}"
EndProject
Global
	GlobalSection(SolutionConfigurationPlatforms) = preSolution
		Debug|Any CPU = Debug|Any CPU
		Release|Any CPU = Release|Any CPU
	EndGlobalSection
	GlobalSection(ProjectConfigurationPlatforms) = postSolution
		{1E801385-A125-4D09-948B-95D7EEE84358}.Debug|Any CPU.ActiveCfg = Debug|Any CPU
		{1E801385-A125-4D09-948B-95D7EEE84358}.Debug|Any CPU.Build.0 = Debug|Any CPU
		{1E801385-A125-4D09-948B-95D7EEE84358}.Release|Any CPU.ActiveCfg = Release|Any CPU
		{1E801385-A125-4D09-948B-95D7EEE84358}.Release|Any CPU.Build.0 = Release|Any CPU
	EndGlobalSection
	GlobalSection(SolutionProperties) = preSolution
		HideSolutionNode = FALSE
	EndGlobalSection
EndGlobal
